
Microsoft Visual Studio Solution File, Format Version 12.00
# Visual Studio Version 17
VisualStudioVersion = 17.0.31903.59
MinimumVisualStudioVersion = 10.0.40219.1
Project("{9A19103F-16F7-4668-BE54-9A1E7A4F7556}") = "AwsServiceLensImplementation.Api", "src\AwsServiceLensImplementation.Api\AwsServiceLensImplementation.Api.csproj", "{B9BEB863-E72B-4806-88B1-84F45F27D304}"
EndProject
Global
	GlobalSection(SolutionConfigurationPlatforms) = preSolution
		Debug|Any CPU = Debug|Any CPU
		Release|Any CPU = Release|Any CPU
	EndGlobalSection
	GlobalSection(ProjectConfigurationPlatforms) = postSolution
		{B9BEB863-E72B-4806-88B1-84F45F27D304}.Debug|Any CPU.ActiveCfg = Debug|Any CPU
		{B9BEB863-E72B-4806-88B1-84F45F27D304}.Debug|Any CPU.Build.0 = Debug|Any CPU
		{B9BEB863-E72B-4806-88B1-84F45F27D304}.Release|Any CPU.ActiveCfg = Release|Any CPU
		{B9BEB863-E72B-4806-88B1-84F45F27D304}.Release|Any CPU.Build.0 = Release|Any CPU
	EndGlobalSection
	GlobalSection(SolutionProperties) = preSolution
		HideSolutionNode = FALSE
	EndGlobalSection
	GlobalSection(ExtensibilityGlobals) = postSolution
		SolutionGuid = {4202F95C-7233-4EE2-AF47-A39CD558E35C}
	EndGlobalSection
EndGlobal
